{
  "name": "timecapsuled",
  "version": "0.3.2",
  "lockfileVersion": 1,
  "requires": true,
  "dependencies": {
    "async-redis": {
      "version": "1.1.7",
      "resolved": "https://registry.npmjs.org/async-redis/-/async-redis-1.1.7.tgz",
      "integrity": "sha512-phpZe2/U+Ih4Lpy72KWF4+c8gymsUgzg6NV/TZUb8BLNn7soQewFxqcq9nndobfPmzXiuhMLi6GNBiQVIor/EA==",
      "requires": {
        "redis": "^2.8.0",
        "redis-commands": "^1.3.1"
      }
    },
    "bluebird": {
      "version": "3.5.4",
      "resolved": "https://registry.npmjs.org/bluebird/-/bluebird-3.5.4.tgz",
      "integrity": "sha512-FG+nFEZChJrbQ9tIccIfZJBz3J7mLrAhxakAbnrJWn8d7aKOC+LWifa0G+p4ZqKp4y13T7juYvdhq9NzKdsrjw=="
    },
    "double-ended-queue": {
      "version": "2.1.0-0",
      "resolved": "https://registry.npmjs.org/double-ended-queue/-/double-ended-queue-2.1.0-0.tgz",
      "integrity": "sha1-ED01J/0xUo9AGIEwyEHv3XgmTlw="
    },
    "lodash.merge": {
      "version": "4.6.1",
      "resolved": "https://registry.npmjs.org/lodash.merge/-/lodash.merge-4.6.1.tgz",
      "integrity": "sha512-AOYza4+Hf5z1/0Hztxpm2/xiPZgi/cjMqdnKTUWTBSKchJlxXXuUSxCCl8rJlf4g6yww/j6mA8nC8Hw/EZWxKQ=="
    },
    "minimist": {
      "version": "1.2.0",
      "resolved": "https://registry.npmjs.org/minimist/-/minimist-1.2.0.tgz",
      "integrity": "sha1-o1AIsg9BOD7sH7kU9M1d95omQoQ="
    },
    "redis": {
      "version": "2.8.0",
      "resolved": "https://registry.npmjs.org/redis/-/redis-2.8.0.tgz",
      "integrity": "sha512-M1OkonEQwtRmZv4tEWF2VgpG0JWJ8Fv1PhlgT5+B+uNq2cA3Rt1Yt/ryoR+vQNOQcIEgdCdfH0jr3bDpihAw1A==",
      "requires": {
        "double-ended-queue": "^2.1.0-0",
        "redis-commands": "^1.2.0",
        "redis-parser": "^2.6.0"
      }
    },
    "redis-commands": {
      "version": "1.4.0",
      "resolved": "https://registry.npmjs.org/redis-commands/-/redis-commands-1.4.0.tgz",
      "integrity": "sha512-cu8EF+MtkwI4DLIT0x9P8qNTLFhQD4jLfxLR0cCNkeGzs87FN6879JOJwNQR/1zD7aSYNbU0hgsV9zGY71Itvw=="
    },
    "redis-parser": {
      "version": "2.6.0",
      "resolved": "https://registry.npmjs.org/redis-parser/-/redis-parser-2.6.0.tgz",
      "integrity": "sha1-Uu0J2srBCPGmMcB+m2mUHnoZUEs="
    },
    "redlock": {
      "version": "3.1.2",
      "resolved": "https://registry.npmjs.org/redlock/-/redlock-3.1.2.tgz",
      "integrity": "sha512-CKXhOvLd4In5QOfbcF0GIcSsa+pL9JPZd+eKeMk/Sydxh93NUNtwQMTIKFqwPu3PjEgDStwYFJTurVzNA33pZw==",
      "requires": {
        "bluebird": "^3.3.3"
      }
    },
    "redlock-async": {
      "version": "3.1.2-fix.2",
      "resolved": "https://registry.npmjs.org/redlock-async/-/redlock-async-3.1.2-fix.2.tgz",
      "integrity": "sha512-4lnHE+UPoz3TFkhUqnVsdSMybG8vE7aKYxkfby0F4sSKu9N7J1tJ3LBAA1hEzTeJ97JI7nTw5pOBrPhwOtlN9w=="
    },
    "syslog": {
      "version": "0.1.1-1",
      "resolved": "https://registry.npmjs.org/syslog/-/syslog-0.1.1-1.tgz",
      "integrity": "sha512-7fn4sikkTRrc4kZk/i/ItCktnPD2qG+nKmgTVcuLr2VrY2V9adNhw9fN02HL6rTthwu2Og9Icr1GxZlaLp39Lg=="
    }
  }
}
